// !$*UTF8*$!
{
	archiveVersion = 1;
	classes = {
	};
	objectVersion = 48;
	objects = {

/* Begin PBXBuildFile section */
		6C342799EE181BD75E7591BC /* Pods_SearchFilterTests.framework in Frameworks */ = {isa = PBXBuildFile; fileRef = 74FD79AF0763E742EE4A10F0 /* Pods_SearchFilterTests.framework */; };
		9DE96BA576FB2D4AA0005B91 /* Pods_SearchFilterUITests.framework in Frameworks */ = {isa = PBXBuildFile; fileRef = 561ECFF15F4703014FC9CF02 /* Pods_SearchFilterUITests.framework */; };
		A73CF444205BA0CC00AB2DBE /* AppDelegate.swift in Sources */ = {isa = PBXBuildFile; fileRef = A73CF443205BA0CC00AB2DBE /* AppDelegate.swift */; };
		A73CF446205BA0CC00AB2DBE /* ViewController.swift in Sources */ = {isa = PBXBuildFile; fileRef = A73CF445205BA0CC00AB2DBE /* ViewController.swift */; };
		A73CF449205BA0CC00AB2DBE /* Main.storyboard in Resources */ = {isa = PBXBuildFile; fileRef = A73CF447205BA0CC00AB2DBE /* Main.storyboard */; };
		A73CF44B205BA0CC00AB2DBE /* Assets.xcassets in Resources */ = {isa = PBXBuildFile; fileRef = A73CF44A205BA0CC00AB2DBE /* Assets.xcassets */; };
		A73CF44E205BA0CC00AB2DBE /* LaunchScreen.storyboard in Resources */ = {isa = PBXBuildFile; fileRef = A73CF44C205BA0CC00AB2DBE /* LaunchScreen.storyboard */; };
		A73CF459205BA0CC00AB2DBE /* SearchFilterTests.swift in Sources */ = {isa = PBXBuildFile; fileRef = A73CF458205BA0CC00AB2DBE /* SearchFilterTests.swift */; };
		A73CF464205BA0CC00AB2DBE /* SearchFilterUITests.swift in Sources */ = {isa = PBXBuildFile; fileRef = A73CF463205BA0CC00AB2DBE /* SearchFilterUITests.swift */; };
		ED5487752F2AE84DF0DD1D6C /* Pods_SearchFilter.framework in Frameworks */ = {isa = PBXBuildFile; fileRef = D05D6B0075C6A222B34ACF93 /* Pods_SearchFilter.framework */; };
/* End PBXBuildFile section */

/* Begin PBXContainerItemProxy section */
		A73CF455205BA0CC00AB2DBE /* PBXContainerItemProxy */ = {
			isa = PBXContainerItemProxy;
			containerPortal = A73CF438205BA0CB00AB2DBE /* Project object */;
			proxyType = 1;
			remoteGlobalIDString = A73CF43F205BA0CB00AB2DBE;
			remoteInfo = SearchFilter;
		};
		A73CF460205BA0CC00AB2DBE /* PBXContainerItemProxy */ = {
			isa = PBXContainerItemProxy;
			containerPortal = A73CF438205BA0CB00AB2DBE /* Project object */;
			proxyType = 1;
			remoteGlobalIDString = A73CF43F205BA0CB00AB2DBE;
			remoteInfo = SearchFilter;
		};
/* End PBXContainerItemProxy section */

/* Begin PBXFileReference section */
		0ECB8EEEBCEA10BBF91FDD69 /* Pods-SearchFilterUITests.release.xcconfig */ = {isa = PBXFileReference; includeInIndex = 1; lastKnownFileType = text.xcconfig; name = "Pods-SearchFilterUITests.release.xcconfig"; path = "Pods/Target Support Files/Pods-SearchFilterUITests/Pods-SearchFilterUITests.release.xcconfig"; sourceTree = "<group>"; };
		10F2F5918AB0E73C5EF65092 /* Pods-SearchFilterTests.debug.xcconfig */ = {isa = PBXFileReference; includeInIndex = 1; lastKnownFileType = text.xcconfig; name = "Pods-SearchFilterTests.debug.xcconfig"; path = "Pods/Target Support Files/Pods-SearchFilterTests/Pods-SearchFilterTests.debug.xcconfig"; sourceTree = "<group>"; };
		3EE64D4608AEF96709FFDAB3 /* Pods-SearchFilter.release.xcconfig */ = {isa = PBXFileReference; includeInIndex = 1; lastKnownFileType = text.xcconfig; name = "Pods-SearchFilter.release.xcconfig"; path = "Pods/Target Support Files/Pods-SearchFilter/Pods-SearchFilter.release.xcconfig"; sourceTree = "<group>"; };
		561ECFF15F4703014FC9CF02 /* Pods_SearchFilterUITests.framework */ = {isa = PBXFileReference; explicitFileType = wrapper.framework; includeInIndex = 0; path = Pods_SearchFilterUITests.framework; sourceTree = BUILT_PRODUCTS_DIR; };
		5665724206E5F3DCE0B7CF64 /* Pods-SearchFilter.debug.xcconfig */ = {isa = PBXFileReference; includeInIndex = 1; lastKnownFileType = text.xcconfig; name = "Pods-SearchFilter.debug.xcconfig"; path = "Pods/Target Support Files/Pods-SearchFilter/Pods-SearchFilter.debug.xcconfig"; sourceTree = "<group>"; };
		74FD79AF0763E742EE4A10F0 /* Pods_SearchFilterTests.framework */ = {isa = PBXFileReference; explicitFileType = wrapper.framework; includeInIndex = 0; path = Pods_SearchFilterTests.framework; sourceTree = BUILT_PRODUCTS_DIR; };
		82DF3FED0E136F593E21F40A /* Pods-SearchFilterTests.release.xcconfig */ = {isa = PBXFileReference; includeInIndex = 1; lastKnownFileType = text.xcconfig; name = "Pods-SearchFilterTests.release.xcconfig"; path = "Pods/Target Support Files/Pods-SearchFilterTests/Pods-SearchFilterTests.release.xcconfig"; sourceTree = "<group>"; };
		A73CF440205BA0CC00AB2DBE /* SearchFilter.app */ = {isa = PBXFileReference; explicitFileType = wrapper.application; includeInIndex = 0; path = SearchFilter.app; sourceTree = BUILT_PRODUCTS_DIR; };
		A73CF443205BA0CC00AB2DBE /* AppDelegate.swift */ = {isa = PBXFileReference; lastKnownFileType = sourcecode.swift; path = AppDelegate.swift; sourceTree = "<group>"; };
		A73CF445205BA0CC00AB2DBE /* ViewController.swift */ = {isa = PBXFileReference; lastKnownFileType = sourcecode.swift; path = ViewController.swift; sourceTree = "<group>"; };
		A73CF448205BA0CC00AB2DBE /* Base */ = {isa = PBXFileReference; lastKnownFileType = file.storyboard; name = Base; path = Base.lproj/Main.storyboard; sourceTree = "<group>"; };
		A73CF44A205BA0CC00AB2DBE /* Assets.xcassets */ = {isa = PBXFileReference; lastKnownFileType = folder.assetcatalog; path = Assets.xcassets; sourceTree = "<group>"; };
		A73CF44D205BA0CC00AB2DBE /* Base */ = {isa = PBXFileReference; lastKnownFileType = file.storyboard; name = Base; path = Base.lproj/LaunchScreen.storyboard; sourceTree = "<group>"; };
		A73CF44F205BA0CC00AB2DBE /* Info.plist */ = {isa = PBXFileReference; lastKnownFileType = text.plist.xml; path = Info.plist; sourceTree = "<group>"; };
		A73CF454205BA0CC00AB2DBE /* SearchFilterTests.xctest */ = {isa = PBXFileReference; explicitFileType = wrapper.cfbundle; includeInIndex = 0; path = SearchFilterTests.xctest; sourceTree = BUILT_PRODUCTS_DIR; };
		A73CF458205BA0CC00AB2DBE /* SearchFilterTests.swift */ = {isa = PBXFileReference; lastKnownFileType = sourcecode.swift; path = SearchFilterTests.swift; sourceTree = "<group>"; };
		A73CF45A205BA0CC00AB2DBE /* Info.plist */ = {isa = PBXFileReference; lastKnownFileType = text.plist.xml; path = Info.plist; sourceTree = "<group>"; };
		A73CF45F205BA0CC00AB2DBE /* SearchFilterUITests.xctest */ = {isa = PBXFileReference; explicitFileType = wrapper.cfbundle; includeInIndex = 0; path = SearchFilterUITests.xctest; sourceTree = BUILT_PRODUCTS_DIR; };
		A73CF463205BA0CC00AB2DBE /* SearchFilterUITests.swift */ = {isa = PBXFileReference; lastKnownFileType = sourcecode.swift; path = SearchFilterUITests.swift; sourceTree = "<group>"; };
		A73CF465205BA0CC00AB2DBE /* Info.plist */ = {isa = PBXFileReference; lastKnownFileType = text.plist.xml; path = Info.plist; sourceTree = "<group>"; };
		D05D6B0075C6A222B34ACF93 /* Pods_SearchFilter.framework */ = {isa = PBXFileReference; explicitFileType = wrapper.framework; includeInIndex = 0; path = Pods_SearchFilter.framework; sourceTree = BUILT_PRODUCTS_DIR; };
		F727B0D29386DE4E154EF7C4 /* Pods-SearchFilterUITests.debug.xcconfig */ = {isa = PBXFileReference; includeInIndex = 1; lastKnownFileType = text.xcconfig; name = "Pods-SearchFilterUITests.debug.xcconfig"; path = "Pods/Target Support Files/Pods-SearchFilterUITests/Pods-SearchFilterUITests.debug.xcconfig"; sourceTree = "<group>"; };
/* End PBXFileReference section */

/* Begin PBXFrameworksBuildPhase section */
		A73CF43D205BA0CB00AB2DBE /* Frameworks */ = {
			isa = PBXFrameworksBuildPhase;
			buildActionMask = 2147483647;
			files = (
				ED5487752F2AE84DF0DD1D6C /* Pods_SearchFilter.framework in Frameworks */,
			);
			runOnlyForDeploymentPostprocessing = 0;
		};
		A73CF451205BA0CC00AB2DBE /* Frameworks */ = {
			isa = PBXFrameworksBuildPhase;
			buildActionMask = 2147483647;
			files = (
				6C342799EE181BD75E7591BC /* Pods_SearchFilterTests.framework in Frameworks */,
			);
			runOnlyForDeploymentPostprocessing = 0;
		};
		A73CF45C205BA0CC00AB2DBE /* Frameworks */ = {
			isa = PBXFrameworksBuildPhase;
			buildActionMask = 2147483647;
			files = (
				9DE96BA576FB2D4AA0005B91 /* Pods_SearchFilterUITests.framework in Frameworks */,
			);
			runOnlyForDeploymentPostprocessing = 0;
		};
/* End PBXFrameworksBuildPhase section */

/* Begin PBXGroup section */
		A73CF437205BA0CB00AB2DBE = {
			isa = PBXGroup;
			children = (
				A73CF442205BA0CC00AB2DBE /* SearchFilter */,
				A73CF457205BA0CC00AB2DBE /* SearchFilterTests */,
				A73CF462205BA0CC00AB2DBE /* SearchFilterUITests */,
				A73CF441205BA0CC00AB2DBE /* Products */,
				EC98FFBCFEF8971638F78B3E /* Pods */,
				EDFC0649EFB99CB08E250CE9 /* Frameworks */,
			);
			sourceTree = "<group>";
		};
		A73CF441205BA0CC00AB2DBE /* Products */ = {
			isa = PBXGroup;
			children = (
				A73CF440205BA0CC00AB2DBE /* SearchFilter.app */,
				A73CF454205BA0CC00AB2DBE /* SearchFilterTests.xctest */,
				A73CF45F205BA0CC00AB2DBE /* SearchFilterUITests.xctest */,
			);
			name = Products;
			sourceTree = "<group>";
		};
		A73CF442205BA0CC00AB2DBE /* SearchFilter */ = {
			isa = PBXGroup;
			children = (
				A73CF443205BA0CC00AB2DBE /* AppDelegate.swift */,
				A73CF445205BA0CC00AB2DBE /* ViewController.swift */,
				A73CF447205BA0CC00AB2DBE /* Main.storyboard */,
				A73CF44A205BA0CC00AB2DBE /* Assets.xcassets */,
				A73CF44C205BA0CC00AB2DBE /* LaunchScreen.storyboard */,
				A73CF44F205BA0CC00AB2DBE /* Info.plist */,
			);
			path = SearchFilter;
			sourceTree = "<group>";
		};
		A73CF457205BA0CC00AB2DBE /* SearchFilterTests */ = {
			isa = PBXGroup;
			children = (
				A73CF458205BA0CC00AB2DBE /* SearchFilterTests.swift */,
				A73CF45A205BA0CC00AB2DBE /* Info.plist */,
			);
			path = SearchFilterTests;
			sourceTree = "<group>";
		};
		A73CF462205BA0CC00AB2DBE /* SearchFilterUITests */ = {
			isa = PBXGroup;
			children = (
				A73CF463205BA0CC00AB2DBE /* SearchFilterUITests.swift */,
				A73CF465205BA0CC00AB2DBE /* Info.plist */,
			);
			path = SearchFilterUITests;
			sourceTree = "<group>";
		};
		EC98FFBCFEF8971638F78B3E /* Pods */ = {
			isa = PBXGroup;
			children = (
				5665724206E5F3DCE0B7CF64 /* Pods-SearchFilter.debug.xcconfig */,
				3EE64D4608AEF96709FFDAB3 /* Pods-SearchFilter.release.xcconfig */,
				10F2F5918AB0E73C5EF65092 /* Pods-SearchFilterTests.debug.xcconfig */,
				82DF3FED0E136F593E21F40A /* Pods-SearchFilterTests.release.xcconfig */,
				F727B0D29386DE4E154EF7C4 /* Pods-SearchFilterUITests.debug.xcconfig */,
				0ECB8EEEBCEA10BBF91FDD69 /* Pods-SearchFilterUITests.release.xcconfig */,
			);
			name = Pods;
			sourceTree = "<group>";
		};
		EDFC0649EFB99CB08E250CE9 /* Frameworks */ = {
			isa = PBXGroup;
			children = (
				D05D6B0075C6A222B34ACF93 /* Pods_SearchFilter.framework */,
				74FD79AF0763E742EE4A10F0 /* Pods_SearchFilterTests.framework */,
				561ECFF15F4703014FC9CF02 /* Pods_SearchFilterUITests.framework */,
			);
			name = Frameworks;
			sourceTree = "<group>";
		};
/* End PBXGroup section */

/* Begin PBXNativeTarget section */
		A73CF43F205BA0CB00AB2DBE /* SearchFilter */ = {
			isa = PBXNativeTarget;
			buildConfigurationList = A73CF468205BA0CC00AB2DBE /* Build configuration list for PBXNativeTarget "SearchFilter" */;
			buildPhases = (
				88C8E36325C551C3779B5FFA /* [CP] Check Pods Manifest.lock */,
				A73CF43C205BA0CB00AB2DBE /* Sources */,
				A73CF43D205BA0CB00AB2DBE /* Frameworks */,
				A73CF43E205BA0CB00AB2DBE /* Resources */,
				2437859592854F26F5E35261 /* [CP] Embed Pods Frameworks */,
				31FBC48243B5455299884CF5 /* [CP] Copy Pods Resources */,
			);
			buildRules = (
			);
			dependencies = (
			);
			name = SearchFilter;
			productName = SearchFilter;
			productReference = A73CF440205BA0CC00AB2DBE /* SearchFilter.app */;
			productType = "com.apple.product-type.application";
		};
		A73CF453205BA0CC00AB2DBE /* SearchFilterTests */ = {
			isa = PBXNativeTarget;
			buildConfigurationList = A73CF46B205BA0CC00AB2DBE /* Build configuration list for PBXNativeTarget "SearchFilterTests" */;
			buildPhases = (
				34E5D4EC5C3AAFC4B9B196A1 /* [CP] Check Pods Manifest.lock */,
				A73CF450205BA0CC00AB2DBE /* Sources */,
				A73CF451205BA0CC00AB2DBE /* Frameworks */,
				A73CF452205BA0CC00AB2DBE /* Resources */,
				3EB3E6268BE1A263C458355A /* [CP] Embed Pods Frameworks */,
				C971165085D10A65B6B35259 /* [CP] Copy Pods Resources */,
			);
			buildRules = (
			);
			dependencies = (
				A73CF456205BA0CC00AB2DBE /* PBXTargetDependency */,
			);
			name = SearchFilterTests;
			productName = SearchFilterTests;
			productReference = A73CF454205BA0CC00AB2DBE /* SearchFilterTests.xctest */;
			productType = "com.apple.product-type.bundle.unit-test";
		};
		A73CF45E205BA0CC00AB2DBE /* SearchFilterUITests */ = {
			isa = PBXNativeTarget;
			buildConfigurationList = A73CF46E205BA0CC00AB2DBE /* Build configuration list for PBXNativeTarget "SearchFilterUITests" */;
			buildPhases = (
				F6E2CDCF3D997899FA58865D /* [CP] Check Pods Manifest.lock */,
				A73CF45B205BA0CC00AB2DBE /* Sources */,
				A73CF45C205BA0CC00AB2DBE /* Frameworks */,
				A73CF45D205BA0CC00AB2DBE /* Resources */,
				CE79369F6770E2C9DCE0A6D5 /* [CP] Embed Pods Frameworks */,
				BD393B5AF166967BB147227A /* [CP] Copy Pods Resources */,
			);
			buildRules = (
			);
			dependencies = (
				A73CF461205BA0CC00AB2DBE /* PBXTargetDependency */,
			);
			name = SearchFilterUITests;
			productName = SearchFilterUITests;
			productReference = A73CF45F205BA0CC00AB2DBE /* SearchFilterUITests.xctest */;
			productType = "com.apple.product-type.bundle.ui-testing";
		};
/* End PBXNativeTarget section */

/* Begin PBXProject section */
		A73CF438205BA0CB00AB2DBE /* Project object */ = {
			isa = PBXProject;
			attributes = {
				LastSwiftUpdateCheck = 0920;
				LastUpgradeCheck = 0920;
				ORGANIZATIONNAME = "Patrick Marshall";
				TargetAttributes = {
					A73CF43F205BA0CB00AB2DBE = {
						CreatedOnToolsVersion = 9.2;
						ProvisioningStyle = Automatic;
					};
					A73CF453205BA0CC00AB2DBE = {
						CreatedOnToolsVersion = 9.2;
						ProvisioningStyle = Automatic;
						TestTargetID = A73CF43F205BA0CB00AB2DBE;
					};
					A73CF45E205BA0CC00AB2DBE = {
						CreatedOnToolsVersion = 9.2;
						ProvisioningStyle = Automatic;
						TestTargetID = A73CF43F205BA0CB00AB2DBE;
					};
				};
			};
			buildConfigurationList = A73CF43B205BA0CB00AB2DBE /* Build configuration list for PBXProject "SearchFilter" */;
			compatibilityVersion = "Xcode 8.0";
			developmentRegion = en;
			hasScannedForEncodings = 0;
			knownRegions = (
				en,
				Base,
			);
			mainGroup = A73CF437205BA0CB00AB2DBE;
			productRefGroup = A73CF441205BA0CC00AB2DBE /* Products */;
			projectDirPath = "";
			projectRoot = "";
			targets = (
				A73CF43F205BA0CB00AB2DBE /* SearchFilter */,
				A73CF453205BA0CC00AB2DBE /* SearchFilterTests */,
				A73CF45E205BA0CC00AB2DBE /* SearchFilterUITests */,
			);
		};
/* End PBXProject section */

/* Begin PBXResourcesBuildPhase section */
		A73CF43E205BA0CB00AB2DBE /* Resources */ = {
			isa = PBXResourcesBuildPhase;
			buildActionMask = 2147483647;
			files = (
				A73CF44E205BA0CC00AB2DBE /* LaunchScreen.storyboard in Resources */,
				A73CF44B205BA0CC00AB2DBE /* Assets.xcassets in Resources */,
				A73CF449205BA0CC00AB2DBE /* Main.storyboard in Resources */,
			);
			runOnlyForDeploymentPostprocessing = 0;
		};
		A73CF452205BA0CC00AB2DBE /* Resources */ = {
			isa = PBXResourcesBuildPhase;
			buildActionMask = 2147483647;
			files = (
			);
			runOnlyForDeploymentPostprocessing = 0;
		};
		A73CF45D205BA0CC00AB2DBE /* Resources */ = {
			isa = PBXResourcesBuildPhase;
			buildActionMask = 2147483647;
			files = (
			);
			runOnlyForDeploymentPostprocessing = 0;
		};
/* End PBXResourcesBuildPhase section */

/* Begin PBXShellScriptBuildPhase section */
		2437859592854F26F5E35261 /* [CP] Embed Pods Frameworks */ = {
			isa = PBXShellScriptBuildPhase;
			buildActionMask = 2147483647;
			files = (
			);
			inputPaths = (
			);
			name = "[CP] Embed Pods Frameworks";
			outputPaths = (
			);
			runOnlyForDeploymentPostprocessing = 0;
			shellPath = /bin/sh;
			shellScript = "\"${SRCROOT}/Pods/Target Support Files/Pods-SearchFilter/Pods-SearchFilter-frameworks.sh\"\n";
			showEnvVarsInLog = 0;
		};
		31FBC48243B5455299884CF5 /* [CP] Copy Pods Resources */ = {
			isa = PBXShellScriptBuildPhase;
			buildActionMask = 2147483647;
			files = (
			);
			inputPaths = (
			);
			name = "[CP] Copy Pods Resources";
			outputPaths = (
			);
			runOnlyForDeploymentPostprocessing = 0;
			shellPath = /bin/sh;
			shellScript = "\"${SRCROOT}/Pods/Target Support Files/Pods-SearchFilter/Pods-SearchFilter-resources.sh\"\n";
			showEnvVarsInLog = 0;
		};
		34E5D4EC5C3AAFC4B9B196A1 /* [CP] Check Pods Manifest.lock */ = {
			isa = PBXShellScriptBuildPhase;
			buildActionMask = 2147483647;
			files = (
			);
			inputPaths = (
				"${PODS_PODFILE_DIR_PATH}/Podfile.lock",
				"${PODS_ROOT}/Manifest.lock",
			);
			name = "[CP] Check Pods Manifest.lock";
			outputPaths = (
				"$(DERIVED_FILE_DIR)/Pods-SearchFilterTests-checkManifestLockResult.txt",
			);
			runOnlyForDeploymentPostprocessing = 0;
			shellPath = /bin/sh;
			shellScript = "diff \"${PODS_PODFILE_DIR_PATH}/Podfile.lock\" \"${PODS_ROOT}/Manifest.lock\" > /dev/null\nif [ $? != 0 ] ; then\n    # print error to STDERR\n    echo \"error: The sandbox is not in sync with the Podfile.lock. Run 'pod install' or update your CocoaPods installation.\" >&2\n    exit 1\nfi\n# This output is used by Xcode 'outputs' to avoid re-running this script phase.\necho \"SUCCESS\" > \"${SCRIPT_OUTPUT_FILE_0}\"\n";
			showEnvVarsInLog = 0;
		};
		3EB3E6268BE1A263C458355A /* [CP] Embed Pods Frameworks */ = {
			isa = PBXShellScriptBuildPhase;
			buildActionMask = 2147483647;
			files = (
			);
			inputPaths = (
			);
			name = "[CP] Embed Pods Frameworks";
			outputPaths = (
			);
			runOnlyForDeploymentPostprocessing = 0;
			shellPath = /bin/sh;
			shellScript = "\"${SRCROOT}/Pods/Target Support Files/Pods-SearchFilterTests/Pods-SearchFilterTests-frameworks.sh\"\n";
			showEnvVarsInLog = 0;
		};
		88C8E36325C551C3779B5FFA /* [CP] Check Pods Manifest.lock */ = {
			isa = PBXShellScriptBuildPhase;
			buildActionMask = 2147483647;
			files = (
			);
			inputPaths = (
				"${PODS_PODFILE_DIR_PATH}/Podfile.lock",
				"${PODS_ROOT}/Manifest.lock",
			);
			name = "[CP] Check Pods Manifest.lock";
			outputPaths = (
				"$(DERIVED_FILE_DIR)/Pods-SearchFilter-checkManifestLockResult.txt",
			);
			runOnlyForDeploymentPostprocessing = 0;
			shellPath = /bin/sh;
			shellScript = "diff \"${PODS_PODFILE_DIR_PATH}/Podfile.lock\" \"${PODS_ROOT}/Manifest.lock\" > /dev/null\nif [ $? != 0 ] ; then\n    # print error to STDERR\n    echo \"error: The sandbox is not in sync with the Podfile.lock. Run 'pod install' or update your CocoaPods installation.\" >&2\n    exit 1\nfi\n# This output is used by Xcode 'outputs' to avoid re-running this script phase.\necho \"SUCCESS\" > \"${SCRIPT_OUTPUT_FILE_0}\"\n";
			showEnvVarsInLog = 0;
		};
		BD393B5AF166967BB147227A /* [CP] Copy Pods Resources */ = {
			isa = PBXShellScriptBuildPhase;
			buildActionMask = 2147483647;
			files = (
			);
			inputPaths = (
			);
			name = "[CP] Copy Pods Resources";
			outputPaths = (
			);
			runOnlyForDeploymentPostprocessing = 0;
			shellPath = /bin/sh;
			shellScript = "\"${SRCROOT}/Pods/Target Support Files/Pods-SearchFilterUITests/Pods-SearchFilterUITests-resources.sh\"\n";
			showEnvVarsInLog = 0;
		};
		C971165085D10A65B6B35259 /* [CP] Copy Pods Resources */ = {
			isa = PBXShellScriptBuildPhase;
			buildActionMask = 2147483647;
			files = (
			);
			inputPaths = (
			);
			name = "[CP] Copy Pods Resources";
			outputPaths = (
			);
			runOnlyForDeploymentPostprocessing = 0;
			shellPath = /bin/sh;
			shellScript = "\"${SRCROOT}/Pods/Target Support Files/Pods-SearchFilterTests/Pods-SearchFilterTests-resources.sh\"\n";
			showEnvVarsInLog = 0;
		};
		CE79369F6770E2C9DCE0A6D5 /* [CP] Embed Pods Frameworks */ = {
			isa = PBXShellScriptBuildPhase;
			buildActionMask = 2147483647;
			files = (
			);
			inputPaths = (
			);
			name = "[CP] Embed Pods Frameworks";
			outputPaths = (
			);
			runOnlyForDeploymentPostprocessing = 0;
			shellPath = /bin/sh;
			shellScript = "\"${SRCROOT}/Pods/Target Support Files/Pods-SearchFilterUITests/Pods-SearchFilterUITests-frameworks.sh\"\n";
			showEnvVarsInLog = 0;
		};
		F6E2CDCF3D997899FA58865D /* [CP] Check Pods Manifest.lock */ = {
			isa = PBXShellScriptBuildPhase;
			buildActionMask = 2147483647;
			files = (
			);
			inputPaths = (
				"${PODS_PODFILE_DIR_PATH}/Podfile.lock",
				"${PODS_ROOT}/Manifest.lock",
			);
			name = "[CP] Check Pods Manifest.lock";
			outputPaths = (
				"$(DERIVED_FILE_DIR)/Pods-SearchFilterUITests-checkManifestLockResult.txt",
			);
			runOnlyForDeploymentPostprocessing = 0;
			shellPath = /bin/sh;
			shellScript = "diff \"${PODS_PODFILE_DIR_PATH}/Podfile.lock\" \"${PODS_ROOT}/Manifest.lock\" > /dev/null\nif [ $? != 0 ] ; then\n    # print error to STDERR\n    echo \"error: The sandbox is not in sync with the Podfile.lock. Run 'pod install' or update your CocoaPods installation.\" >&2\n    exit 1\nfi\n# This output is used by Xcode 'outputs' to avoid re-running this script phase.\necho \"SUCCESS\" > \"${SCRIPT_OUTPUT_FILE_0}\"\n";
			showEnvVarsInLog = 0;
		};
/* End PBXShellScriptBuildPhase section */

/* Begin PBXSourcesBuildPhase section */
		A73CF43C205BA0CB00AB2DBE /* Sources */ = {
			isa = PBXSourcesBuildPhase;
			buildActionMask = 2147483647;
			files = (
				A73CF446205BA0CC00AB2DBE /* ViewController.swift in Sources */,
				A73CF444205BA0CC00AB2DBE /* AppDelegate.swift in Sources */,
			);
			runOnlyForDeploymentPostprocessing = 0;
		};
		A73CF450205BA0CC00AB2DBE /* Sources */ = {
			isa = PBXSourcesBuildPhase;
			buildActionMask = 2147483647;
			files = (
				A73CF459205BA0CC00AB2DBE /* SearchFilterTests.swift in Sources */,
			);
			runOnlyForDeploymentPostprocessing = 0;
		};
		A73CF45B205BA0CC00AB2DBE /* Sources */ = {
			isa = PBXSourcesBuildPhase;
			buildActionMask = 2147483647;
			files = (
				A73CF464205BA0CC00AB2DBE /* SearchFilterUITests.swift in Sources */,
			);
			runOnlyForDeploymentPostprocessing = 0;
		};
/* End PBXSourcesBuildPhase section */

/* Begin PBXTargetDependency section */
		A73CF456205BA0CC00AB2DBE /* PBXTargetDependency */ = {
			isa = PBXTargetDependency;
			target = A73CF43F205BA0CB00AB2DBE /* SearchFilter */;
			targetProxy = A73CF455205BA0CC00AB2DBE /* PBXContainerItemProxy */;
		};
		A73CF461205BA0CC00AB2DBE /* PBXTargetDependency */ = {
			isa = PBXTargetDependency;
			target = A73CF43F205BA0CB00AB2DBE /* SearchFilter */;
			targetProxy = A73CF460205BA0CC00AB2DBE /* PBXContainerItemProxy */;
		};
/* End PBXTargetDependency section */

/* Begin PBXVariantGroup section */
		A73CF447205BA0CC00AB2DBE /* Main.storyboard */ = {
			isa = PBXVariantGroup;
			children = (
				A73CF448205BA0CC00AB2DBE /* Base */,
			);
			name = Main.storyboard;
			sourceTree = "<group>";
		};
		A73CF44C205BA0CC00AB2DBE /* LaunchScreen.storyboard */ = {
			isa = PBXVariantGroup;
			children = (
				A73CF44D205BA0CC00AB2DBE /* Base */,
			);
			name = LaunchScreen.storyboard;
			sourceTree = "<group>";
		};
/* End PBXVariantGroup section */

/* Begin XCBuildConfiguration section */
		A73CF466205BA0CC00AB2DBE /* Debug */ = {
			isa = XCBuildConfiguration;
			buildSettings = {
				ALWAYS_SEARCH_USER_PATHS = NO;
				CLANG_ANALYZER_NONNULL = YES;
				CLANG_ANALYZER_NUMBER_OBJECT_CONVERSION = YES_AGGRESSIVE;
				CLANG_CXX_LANGUAGE_STANDARD = "gnu++14";
				CLANG_CXX_LIBRARY = "libc++";
				CLANG_ENABLE_MODULES = YES;
				CLANG_ENABLE_OBJC_ARC = YES;
				CLANG_WARN_BLOCK_CAPTURE_AUTORELEASING = YES;
				CLANG_WARN_BOOL_CONVERSION = YES;
				CLANG_WARN_COMMA = YES;
				CLANG_WARN_CONSTANT_CONVERSION = YES;
				CLANG_WARN_DIRECT_OBJC_ISA_USAGE = YES_ERROR;
				CLANG_WARN_DOCUMENTATION_COMMENTS = YES;
				CLANG_WARN_EMPTY_BODY = YES;
				CLANG_WARN_ENUM_CONVERSION = YES;
				CLANG_WARN_INFINITE_RECURSION = YES;
				CLANG_WARN_INT_CONVERSION = YES;
				CLANG_WARN_NON_LITERAL_NULL_CONVERSION = YES;
				CLANG_WARN_OBJC_LITERAL_CONVERSION = YES;
				CLANG_WARN_OBJC_ROOT_CLASS = YES_ERROR;
				CLANG_WARN_RANGE_LOOP_ANALYSIS = YES;
				CLANG_WARN_STRICT_PROTOTYPES = YES;
				CLANG_WARN_SUSPICIOUS_MOVE = YES;
				CLANG_WARN_UNGUARDED_AVAILABILITY = YES_AGGRESSIVE;
				CLANG_WARN_UNREACHABLE_CODE = YES;
				CLANG_WARN__DUPLICATE_METHOD_MATCH = YES;
				CODE_SIGN_IDENTITY = "iPhone Developer";
				COPY_PHASE_STRIP = NO;
				DEBUG_INFORMATION_FORMAT = dwarf;
				ENABLE_STRICT_OBJC_MSGSEND = YES;
				ENABLE_TESTABILITY = YES;
				GCC_C_LANGUAGE_STANDARD = gnu11;
				GCC_DYNAMIC_NO_PIC = NO;
				GCC_NO_COMMON_BLOCKS = YES;
				GCC_OPTIMIZATION_LEVEL = 0;
				GCC_PREPROCESSOR_DEFINITIONS = (
					"DEBUG=1",
					"$(inherited)",
				);
				GCC_WARN_64_TO_32_BIT_CONVERSION = YES;
				GCC_WARN_ABOUT_RETURN_TYPE = YES_ERROR;
				GCC_WARN_UNDECLARED_SELECTOR = YES;
				GCC_WARN_UNINITIALIZED_AUTOS = YES_AGGRESSIVE;
				GCC_WARN_UNUSED_FUNCTION = YES;
				GCC_WARN_UNUSED_VARIABLE = YES;
				IPHONEOS_DEPLOYMENT_TARGET = 11.2;
				MTL_ENABLE_DEBUG_INFO = YES;
				ONLY_ACTIVE_ARCH = YES;
				SDKROOT = iphoneos;
				SWIFT_ACTIVE_COMPILATION_CONDITIONS = DEBUG;
				SWIFT_OPTIMIZATION_LEVEL = "-Onone";
			};
			name = Debug;
		};
		A73CF467205BA0CC00AB2DBE /* Release */ = {
			isa = XCBuildConfiguration;
			buildSettings = {
				ALWAYS_SEARCH_USER_PATHS = NO;
				CLANG_ANALYZER_NONNULL = YES;
				CLANG_ANALYZER_NUMBER_OBJECT_CONVERSION = YES_AGGRESSIVE;
				CLANG_CXX_LANGUAGE_STANDARD = "gnu++14";
				CLANG_CXX_LIBRARY = "libc++";
				CLANG_ENABLE_MODULES = YES;
				CLANG_ENABLE_OBJC_ARC = YES;
				CLANG_WARN_BLOCK_CAPTURE_AUTORELEASING = YES;
				CLANG_WARN_BOOL_CONVERSION = YES;
				CLANG_WARN_COMMA = YES;
				CLANG_WARN_CONSTANT_CONVERSION = YES;
				CLANG_WARN_DIRECT_OBJC_ISA_USAGE = YES_ERROR;
				CLANG_WARN_DOCUMENTATION_COMMENTS = YES;
				CLANG_WARN_EMPTY_BODY = YES;
				CLANG_WARN_ENUM_CONVERSION = YES;
				CLANG_WARN_INFINITE_RECURSION = YES;
				CLANG_WARN_INT_CONVERSION = YES;
				CLANG_WARN_NON_LITERAL_NULL_CONVERSION = YES;
				CLANG_WARN_OBJC_LITERAL_CONVERSION = YES;
				CLANG_WARN_OBJC_ROOT_CLASS = YES_ERROR;
				CLANG_WARN_RANGE_LOOP_ANALYSIS = YES;
				CLANG_WARN_STRICT_PROTOTYPES = YES;
				CLANG_WARN_SUSPICIOUS_MOVE = YES;
				CLANG_WARN_UNGUARDED_AVAILABILITY = YES_AGGRESSIVE;
				CLANG_WARN_UNREACHABLE_CODE = YES;
				CLANG_WARN__DUPLICATE_METHOD_MATCH = YES;
				CODE_SIGN_IDENTITY = "iPhone Developer";
				COPY_PHASE_STRIP = NO;
				DEBUG_INFORMATION_FORMAT = "dwarf-with-dsym";
				ENABLE_NS_ASSERTIONS = NO;
				ENABLE_STRICT_OBJC_MSGSEND = YES;
				GCC_C_LANGUAGE_STANDARD = gnu11;
				GCC_NO_COMMON_BLOCKS = YES;
				GCC_WARN_64_TO_32_BIT_CONVERSION = YES;
				GCC_WARN_ABOUT_RETURN_TYPE = YES_ERROR;
				GCC_WARN_UNDECLARED_SELECTOR = YES;
				GCC_WARN_UNINITIALIZED_AUTOS = YES_AGGRESSIVE;
				GCC_WARN_UNUSED_FUNCTION = YES;
				GCC_WARN_UNUSED_VARIABLE = YES;
				IPHONEOS_DEPLOYMENT_TARGET = 11.2;
				MTL_ENABLE_DEBUG_INFO = NO;
				SDKROOT = iphoneos;
				SWIFT_OPTIMIZATION_LEVEL = "-Owholemodule";
				VALIDATE_PRODUCT = YES;
			};
			name = Release;
		};
		A73CF469205BA0CC00AB2DBE /* Debug */ = {
			isa = XCBuildConfiguration;
			baseConfigurationReference = 5665724206E5F3DCE0B7CF64 /* Pods-SearchFilter.debug.xcconfig */;
			buildSettings = {
				ASSETCATALOG_COMPILER_APPICON_NAME = AppIcon;
				CODE_SIGN_STYLE = Automatic;
				DEVELOPMENT_TEAM = P53KJ6MXZH;
				INFOPLIST_FILE = SearchFilter/Info.plist;
				IPHONEOS_DEPLOYMENT_TARGET = 9.0;
				LD_RUNPATH_SEARCH_PATHS = "$(inherited) @executable_path/Frameworks";
				PRODUCT_BUNDLE_IDENTIFIER = com.patrick.SearchFilter;
				PRODUCT_NAME = "$(TARGET_NAME)";
				SWIFT_VERSION = 4.0;
				TARGETED_DEVICE_FAMILY = "1,2";
			};
			name = Debug;
		};
		A73CF46A205BA0CC00AB2DBE /* Release */ = {
			isa = XCBuildConfiguration;
			baseConfigurationReference = 3EE64D4608AEF96709FFDAB3 /* Pods-SearchFilter.release.xcconfig */;
			buildSettings = {
				ASSETCATALOG_COMPILER_APPICON_NAME = AppIcon;
				CODE_SIGN_STYLE = Automatic;
				DEVELOPMENT_TEAM = P53KJ6MXZH;
				INFOPLIST_FILE = SearchFilter/Info.plist;
				IPHONEOS_DEPLOYMENT_TARGET = 9.0;
				LD_RUNPATH_SEARCH_PATHS = "$(inherited) @executable_path/Frameworks";
				PRODUCT_BUNDLE_IDENTIFIER = com.patrick.SearchFilter;
				PRODUCT_NAME = "$(TARGET_NAME)";
				SWIFT_VERSION = 4.0;
				TARGETED_DEVICE_FAMILY = "1,2";
			};
			name = Release;
		};
		A73CF46C205BA0CC00AB2DBE /* Debug */ = {
			isa = XCBuildConfiguration;
			baseConfigurationReference = 10F2F5918AB0E73C5EF65092 /* Pods-SearchFilterTests.debug.xcconfig */;
			buildSettings = {
				ALWAYS_EMBED_SWIFT_STANDARD_LIBRARIES = YES;
				BUNDLE_LOADER = "$(TEST_HOST)";
				CODE_SIGN_STYLE = Automatic;
				INFOPLIST_FILE = SearchFilterTests/Info.plist;
				LD_RUNPATH_SEARCH_PATHS = "$(inherited) @executable_path/Frameworks @loader_path/Frameworks";
				PRODUCT_BUNDLE_IDENTIFIER = com.patrick.SearchFilterTests;
				PRODUCT_NAME = "$(TARGET_NAME)";
				SWIFT_VERSION = 4.0;
				TARGETED_DEVICE_FAMILY = "1,2";
				TEST_HOST = "$(BUILT_PRODUCTS_DIR)/SearchFilter.app/SearchFilter";
			};
			name = Debug;
		};
		A73CF46D205BA0CC00AB2DBE /* Release */ = {
			isa = XCBuildConfiguration;
			baseConfigurationReference = 82DF3FED0E136F593E21F40A /* Pods-SearchFilterTests.release.xcconfig */;
			buildSettings = {
				ALWAYS_EMBED_SWIFT_STANDARD_LIBRARIES = YES;
				BUNDLE_LOADER = "$(TEST_HOST)";
				CODE_SIGN_STYLE = Automatic;
				INFOPLIST_FILE = SearchFilterTests/Info.plist;
				LD_RUNPATH_SEARCH_PATHS = "$(inherited) @executable_path/Frameworks @loader_path/Frameworks";
				PRODUCT_BUNDLE_IDENTIFIER = com.patrick.SearchFilterTests;
				PRODUCT_NAME = "$(TARGET_NAME)";
				SWIFT_VERSION = 4.0;
				TARGETED_DEVICE_FAMILY = "1,2";
				TEST_HOST = "$(BUILT_PRODUCTS_DIR)/SearchFilter.app/SearchFilter";
			};
			name = Release;
		};
		A73CF46F205BA0CC00AB2DBE /* Debug */ = {
			isa = XCBuildConfiguration;
			baseConfigurationReference = F727B0D29386DE4E154EF7C4 /* Pods-SearchFilterUITests.debug.xcconfig */;
			buildSettings = {
				ALWAYS_EMBED_SWIFT_STANDARD_LIBRARIES = YES;
				CODE_SIGN_STYLE = Automatic;
				INFOPLIST_FILE = SearchFilterUITests/Info.plist;
				LD_RUNPATH_SEARCH_PATHS = "$(inherited) @executable_path/Frameworks @loader_path/Frameworks";
				PRODUCT_BUNDLE_IDENTIFIER = com.patrick.SearchFilterUITests;
				PRODUCT_NAME = "$(TARGET_NAME)";
				SWIFT_VERSION = 4.0;
				TARGETED_DEVICE_FAMILY = "1,2";
				TEST_TARGET_NAME = SearchFilter;
			};
			name = Debug;
		};
		A73CF470205BA0CC00AB2DBE /* Release */ = {
			isa = XCBuildConfiguration;
			baseConfigurationReference = 0ECB8EEEBCEA10BBF91FDD69 /* Pods-SearchFilterUITests.release.xcconfig */;
			buildSettings = {
				ALWAYS_EMBED_SWIFT_STANDARD_LIBRARIES = YES;
				CODE_SIGN_STYLE = Automatic;
				INFOPLIST_FILE = SearchFilterUITests/Info.plist;
				LD_RUNPATH_SEARCH_PATHS = "$(inherited) @executable_path/Frameworks @loader_path/Frameworks";
				PRODUCT_BUNDLE_IDENTIFIER = com.patrick.SearchFilterUITests;
				PRODUCT_NAME = "$(TARGET_NAME)";
				SWIFT_VERSION = 4.0;
				TARGETED_DEVICE_FAMILY = "1,2";
				TEST_TARGET_NAME = SearchFilter;
			};
			name = Release;
		};
/* End XCBuildConfiguration section */

/* Begin XCConfigurationList section */
		A73CF43B205BA0CB00AB2DBE /* Build configuration list for PBXProject "SearchFilter" */ = {
			isa = XCConfigurationList;
			buildConfigurations = (
				A73CF466205BA0CC00AB2DBE /* Debug */,
				A73CF467205BA0CC00AB2DBE /* Release */,
			);
			defaultConfigurationIsVisible = 0;
			defaultConfigurationName = Release;
		};
		A73CF468205BA0CC00AB2DBE /* Build configuration list for PBXNativeTarget "SearchFilter" */ = {
			isa = XCConfigurationList;
			buildConfigurations = (
				A73CF469205BA0CC00AB2DBE /* Debug */,
				A73CF46A205BA0CC00AB2DBE /* Release */,
			);
			defaultConfigurationIsVisible = 0;
			defaultConfigurationName = Release;
		};
		A73CF46B205BA0CC00AB2DBE /* Build configuration list for PBXNativeTarget "SearchFilterTests" */ = {
			isa = XCConfigurationList;
			buildConfigurations = (
				A73CF46C205BA0CC00AB2DBE /* Debug */,
				A73CF46D205BA0CC00AB2DBE /* Release */,
			);
			defaultConfigurationIsVisible = 0;
			defaultConfigurationName = Release;
		};
		A73CF46E205BA0CC00AB2DBE /* Build configuration list for PBXNativeTarget "SearchFilterUITests" */ = {
			isa = XCConfigurationList;
			buildConfigurations = (
				A73CF46F205BA0CC00AB2DBE /* Debug */,
				A73CF470205BA0CC00AB2DBE /* Release */,
			);
			defaultConfigurationIsVisible = 0;
			defaultConfigurationName = Release;
		};
/* End XCConfigurationList section */
	};
	rootObject = A73CF438205BA0CB00AB2DBE /* Project object */;
}
